
Microsoft Visual Studio Solution File, Format Version 12.00
# Visual Studio Version 17
VisualStudioVersion = 17.0.32014.148
MinimumVisualStudioVersion = 10.0.40219.1
Project("{8BC9CEB8-8B4A-11D0-8D11-00A0C91BC942}") = "Questionnaire", "Questionnaire\Questionnaire.vcxproj", "{A09406CC-1832-4325-A566-30B43546F447}"
EndProject
Global
	GlobalSection(SolutionConfigurationPlatforms) = preSolution
		Debug|x64 = Debug|x64
		Debug|x86 = Debug|x86
		Release|x64 = Release|x64
		Release|x86 = Release|x86
	EndGlobalSection
	GlobalSection(ProjectConfigurationPlatforms) = postSolution
		{A09406CC-1832-4325-A566-30B43546F447}.Debug|x64.ActiveCfg = Debug|x64
		{A09406CC-1832-4325-A566-30B43546F447}.Debug|x64.Build.0 = Debug|x64
		{A09406CC-1832-4325-A566-30B43546F447}.Debug|x86.ActiveCfg = Debug|Win32
		{A09406CC-1832-4325-A566-30B43546F447}.Debug|x86.Build.0 = Debug|Win32
		{A09406CC-1832-4325-A566-30B43546F447}.Release|x64.ActiveCfg = Release|x64
		{A09406CC-1832-4325-A566-30B43546F447}.Release|x64.Build.0 = Release|x64
		{A09406CC-1832-4325-A566-30B43546F447}.Release|x86.ActiveCfg = Release|Win32
		{A09406CC-1832-4325-A566-30B43546F447}.Release|x86.Build.0 = Release|Win32
	EndGlobalSection
	GlobalSection(SolutionProperties) = preSolution
		HideSolutionNode = FALSE
	EndGlobalSection
	GlobalSection(ExtensibilityGlobals) = postSolution
		SolutionGuid = {D0764EF5-F156-4AEE-99D0-C9B0A3E86D2A}
	EndGlobalSection
EndGlobal
